
Microsoft Visual Studio Solution File, Format Version 12.00
# Visual Studio Version 17
VisualStudioVersion = 17.9.34723.18
MinimumVisualStudioVersion = 10.0.40219.1
Project("{FAE04EC0-301F-11D3-BF4B-00C04F79EFBC}") = "NasaApodApi", "NasaApodApi\NasaApodApi.csproj", "{4F7BFFC9-61BE-49AA-8460-4E2AC8147540}"
EndProject
Global
	GlobalSection(SolutionConfigurationPlatforms) = preSolution
		Debug|Any CPU = Debug|Any CPU
		Release|Any CPU = Release|Any CPU
	EndGlobalSection
	GlobalSection(ProjectConfigurationPlatforms) = postSolution
		{4F7BFFC9-61BE-49AA-8460-4E2AC8147540}.Debug|Any CPU.ActiveCfg = Debug|Any CPU
		{4F7BFFC9-61BE-49AA-8460-4E2AC8147540}.Debug|Any CPU.Build.0 = Debug|Any CPU
		{4F7BFFC9-61BE-49AA-8460-4E2AC8147540}.Release|Any CPU.ActiveCfg = Release|Any CPU
		{4F7BFFC9-61BE-49AA-8460-4E2AC8147540}.Release|Any CPU.Build.0 = Release|Any CPU
	EndGlobalSection
	GlobalSection(SolutionProperties) = preSolution
		HideSolutionNode = FALSE
	EndGlobalSection
	GlobalSection(ExtensibilityGlobals) = postSolution
		SolutionGuid = {B08E3596-3D90-4973-B4E5-F7568C6BE9D9}
	EndGlobalSection
EndGlobal
